
Microsoft Visual Studio Solution File, Format Version 12.00
# Visual Studio 14
VisualStudioVersion = 14.0.25123.0
MinimumVisualStudioVersion = 10.0.40219.1
Project("{FAE04EC0-301F-11D3-BF4B-00C04F79EFBC}") = "Singleton", "Singleton\Singleton.csproj", "{3D285807-33ED-4532-93C6-83C893F54EF8}"
EndProject
Project("{2150E333-8FDC-42A3-9474-1A3956D46DE8}") = "Creational Patterns", "Creational Patterns", "{941E2E6C-CEEF-4B66-8453-6C337455D139}"
EndProject
Project("{FAE04EC0-301F-11D3-BF4B-00C04F79EFBC}") = "AbstractFactory", "AbstractFactory\AbstractFactory.csproj", "{7E6F53D5-02E6-4179-87E3-A2C87BE39F32}"
EndProject
Project("{2150E333-8FDC-42A3-9474-1A3956D46DE8}") = "SOLID", "SOLID", "{1EDF892E-73A3-4D9D-9068-E182C6E8C180}"
EndProject
Project("{FAE04EC0-301F-11D3-BF4B-00C04F79EFBC}") = "SingleResponsibility", "SingleResponsibility\SingleResponsibility.csproj", "{85C52605-7D17-435B-B1A4-B3AFC9BC9603}"
EndProject
Project("{FAE04EC0-301F-11D3-BF4B-00C04F79EFBC}") = "OpenClosed", "OpenClosed\OpenClosed.csproj", "{14A54BC7-0B4F-4D1B-8B1C-9EA92DAB39D2}"
EndProject
Project("{FAE04EC0-301F-11D3-BF4B-00C04F79EFBC}") = "LiskovSubstitution", "LiskovSubstitution\LiskovSubstitution.csproj", "{7935BFCC-FE7B-4928-8502-B5852BF40850}"
EndProject
Project("{FAE04EC0-301F-11D3-BF4B-00C04F79EFBC}") = "InterfaceSegregation", "InterfaceSegregation\InterfaceSegregation.csproj", "{DA10D8DD-E165-4F2B-8519-C53394EB8DEC}"
EndProject
Project("{FAE04EC0-301F-11D3-BF4B-00C04F79EFBC}") = "DependencyInversion", "DependencyInversion\DependencyInversion.csproj", "{6A0C93E9-B50A-45FB-9E58-81E646188C7E}"
EndProject
Project("{FAE04EC0-301F-11D3-BF4B-00C04F79EFBC}") = "Builder", "Builder\Builder.csproj", "{C4E3154A-A830-4A6E-A5CB-5D619881DA69}"
EndProject
Project("{FAE04EC0-301F-11D3-BF4B-00C04F79EFBC}") = "Factory", "Factory\Factory.csproj", "{8DAF1FC5-1ED4-4CC6-82CB-3BAF4ECF45BC}"
EndProject
Project("{FAE04EC0-301F-11D3-BF4B-00C04F79EFBC}") = "FactoryMethod", "FactoryMethod\FactoryMethod.csproj", "{AC01178E-D5F7-4B4E-A127-EFA82264FC7D}"
EndProject
Project("{FAE04EC0-301F-11D3-BF4B-00C04F79EFBC}") = "Prototype", "Prototype\Prototype.csproj", "{0F6664FD-17B8-44D1-A4A1-435354F14BEE}"
EndProject
Project("{2150E333-8FDC-42A3-9474-1A3956D46DE8}") = "Behavioral", "Behavioral", "{C52F4B6A-DB08-4BF3-96B2-6156CDDE915B}"
EndProject
Project("{FAE04EC0-301F-11D3-BF4B-00C04F79EFBC}") = "ChainOfResponsibility", "ChainOfResponsibility\ChainOfResponsibility.csproj", "{8A796B18-5DA9-4A43-9425-6FF153AA0134}"
EndProject
Project("{FAE04EC0-301F-11D3-BF4B-00C04F79EFBC}") = "Observer", "Observer\Observer.csproj", "{8ABFD6E9-6B90-4C12-A197-A9C9D24A677B}"
EndProject
Project("{2150E333-8FDC-42A3-9474-1A3956D46DE8}") = "Enterprise Patterns", "Enterprise Patterns", "{987AE31B-6BC1-4189-8FCE-5F8D7F16C6E5}"
EndProject
Project("{FAE04EC0-301F-11D3-BF4B-00C04F79EFBC}") = "RepositoryPattern", "RepositoryPattern\RepositoryPattern.csproj", "{1D3B6D2A-DDEF-4543-BAA5-C914A4E9A815}"
EndProject
Project("{2150E333-8FDC-42A3-9474-1A3956D46DE8}") = "Structural", "Structural", "{1E5CA89C-EA73-48D1-AF90-251CACC67430}"
EndProject
Project("{FAE04EC0-301F-11D3-BF4B-00C04F79EFBC}") = "Facade", "Facade\Facade.csproj", "{4F1C2C19-B408-4E8D-AF2B-3E738CF7CB18}"
EndProject
Project("{FAE04EC0-301F-11D3-BF4B-00C04F79EFBC}") = "BehavioralPatternsTest", "BehavioralPatternsTest\BehavioralPatternsTest.csproj", "{4FF9FF3A-37A1-4421-9D89-42C260C1E24F}"
EndProject
Project("{FAE04EC0-301F-11D3-BF4B-00C04F79EFBC}") = "CreationalPatternsTest", "CreationalPatternsTest\CreationalPatternsTest.csproj", "{D16ED345-B220-4547-8E37-2AE9D8732E08}"
EndProject
Project("{FAE04EC0-301F-11D3-BF4B-00C04F79EFBC}") = "EnterprisePatternsTest", "EnterprisePatternsTest\EnterprisePatternsTest.csproj", "{29966F86-7F79-4AB8-B0F7-E59DCADD37A3}"
EndProject
Project("{FAE04EC0-301F-11D3-BF4B-00C04F79EFBC}") = "StructuralPatternsTest", "StructuralPatternsTest\StructuralPatternsTest.csproj", "{D67D58F9-2110-4003-AB4A-41CA74ADFADD}"
EndProject
Project("{2150E333-8FDC-42A3-9474-1A3956D46DE8}") = "Tests", "Tests", "{9B9AADA8-D91E-4C93-BCB7-30598D36F1F8}"
EndProject
Project("{FAE04EC0-301F-11D3-BF4B-00C04F79EFBC}") = "SOLIDTests", "SOLIDTests\SOLIDTests.csproj", "{7A55AA00-810C-4A88-85CE-C83B0B9E501A}"
EndProject
Global
	GlobalSection(SolutionConfigurationPlatforms) = preSolution
		Debug|Any CPU = Debug|Any CPU
		Release|Any CPU = Release|Any CPU
	EndGlobalSection
	GlobalSection(ProjectConfigurationPlatforms) = postSolution
		{3D285807-33ED-4532-93C6-83C893F54EF8}.Debug|Any CPU.ActiveCfg = Debug|Any CPU
		{3D285807-33ED-4532-93C6-83C893F54EF8}.Debug|Any CPU.Build.0 = Debug|Any CPU
		{3D285807-33ED-4532-93C6-83C893F54EF8}.Release|Any CPU.ActiveCfg = Release|Any CPU
		{3D285807-33ED-4532-93C6-83C893F54EF8}.Release|Any CPU.Build.0 = Release|Any CPU
		{7E6F53D5-02E6-4179-87E3-A2C87BE39F32}.Debug|Any CPU.ActiveCfg = Debug|Any CPU
		{7E6F53D5-02E6-4179-87E3-A2C87BE39F32}.Debug|Any CPU.Build.0 = Debug|Any CPU
		{7E6F53D5-02E6-4179-87E3-A2C87BE39F32}.Release|Any CPU.ActiveCfg = Release|Any CPU
		{7E6F53D5-02E6-4179-87E3-A2C87BE39F32}.Release|Any CPU.Build.0 = Release|Any CPU
		{85C52605-7D17-435B-B1A4-B3AFC9BC9603}.Debug|Any CPU.ActiveCfg = Debug|Any CPU
		{85C52605-7D17-435B-B1A4-B3AFC9BC9603}.Debug|Any CPU.Build.0 = Debug|Any CPU
		{85C52605-7D17-435B-B1A4-B3AFC9BC9603}.Release|Any CPU.ActiveCfg = Release|Any CPU
		{85C52605-7D17-435B-B1A4-B3AFC9BC9603}.Release|Any CPU.Build.0 = Release|Any CPU
		{14A54BC7-0B4F-4D1B-8B1C-9EA92DAB39D2}.Debug|Any CPU.ActiveCfg = Debug|Any CPU
		{14A54BC7-0B4F-4D1B-8B1C-9EA92DAB39D2}.Debug|Any CPU.Build.0 = Debug|Any CPU
		{14A54BC7-0B4F-4D1B-8B1C-9EA92DAB39D2}.Release|Any CPU.ActiveCfg = Release|Any CPU
		{14A54BC7-0B4F-4D1B-8B1C-9EA92DAB39D2}.Release|Any CPU.Build.0 = Release|Any CPU
		{7935BFCC-FE7B-4928-8502-B5852BF40850}.Debug|Any CPU.ActiveCfg = Debug|Any CPU
		{7935BFCC-FE7B-4928-8502-B5852BF40850}.Debug|Any CPU.Build.0 = Debug|Any CPU
		{7935BFCC-FE7B-4928-8502-B5852BF40850}.Release|Any CPU.ActiveCfg = Release|Any CPU
		{7935BFCC-FE7B-4928-8502-B5852BF40850}.Release|Any CPU.Build.0 = Release|Any CPU
		{DA10D8DD-E165-4F2B-8519-C53394EB8DEC}.Debug|Any CPU.ActiveCfg = Debug|Any CPU
		{DA10D8DD-E165-4F2B-8519-C53394EB8DEC}.Debug|Any CPU.Build.0 = Debug|Any CPU
		{DA10D8DD-E165-4F2B-8519-C53394EB8DEC}.Release|Any CPU.ActiveCfg = Release|Any CPU
		{DA10D8DD-E165-4F2B-8519-C53394EB8DEC}.Release|Any CPU.Build.0 = Release|Any CPU
		{6A0C93E9-B50A-45FB-9E58-81E646188C7E}.Debug|Any CPU.ActiveCfg = Debug|Any CPU
		{6A0C93E9-B50A-45FB-9E58-81E646188C7E}.Debug|Any CPU.Build.0 = Debug|Any CPU
		{6A0C93E9-B50A-45FB-9E58-81E646188C7E}.Release|Any CPU.ActiveCfg = Release|Any CPU
		{6A0C93E9-B50A-45FB-9E58-81E646188C7E}.Release|Any CPU.Build.0 = Release|Any CPU
		{C4E3154A-A830-4A6E-A5CB-5D619881DA69}.Debug|Any CPU.ActiveCfg = Debug|Any CPU
		{C4E3154A-A830-4A6E-A5CB-5D619881DA69}.Debug|Any CPU.Build.0 = Debug|Any CPU
		{C4E3154A-A830-4A6E-A5CB-5D619881DA69}.Release|Any CPU.ActiveCfg = Release|Any CPU
		{C4E3154A-A830-4A6E-A5CB-5D619881DA69}.Release|Any CPU.Build.0 = Release|Any CPU
		{8DAF1FC5-1ED4-4CC6-82CB-3BAF4ECF45BC}.Debug|Any CPU.ActiveCfg = Debug|Any CPU
		{8DAF1FC5-1ED4-4CC6-82CB-3BAF4ECF45BC}.Debug|Any CPU.Build.0 = Debug|Any CPU
		{8DAF1FC5-1ED4-4CC6-82CB-3BAF4ECF45BC}.Release|Any CPU.ActiveCfg = Release|Any CPU
		{8DAF1FC5-1ED4-4CC6-82CB-3BAF4ECF45BC}.Release|Any CPU.Build.0 = Release|Any CPU
		{AC01178E-D5F7-4B4E-A127-EFA82264FC7D}.Debug|Any CPU.ActiveCfg = Debug|Any CPU
		{AC01178E-D5F7-4B4E-A127-EFA82264FC7D}.Debug|Any CPU.Build.0 = Debug|Any CPU
		{AC01178E-D5F7-4B4E-A127-EFA82264FC7D}.Release|Any CPU.ActiveCfg = Release|Any CPU
		{AC01178E-D5F7-4B4E-A127-EFA82264FC7D}.Release|Any CPU.Build.0 = Release|Any CPU
		{0F6664FD-17B8-44D1-A4A1-435354F14BEE}.Debug|Any CPU.ActiveCfg = Debug|Any CPU
		{0F6664FD-17B8-44D1-A4A1-435354F14BEE}.Debug|Any CPU.Build.0 = Debug|Any CPU
		{0F6664FD-17B8-44D1-A4A1-435354F14BEE}.Release|Any CPU.ActiveCfg = Release|Any CPU
		{0F6664FD-17B8-44D1-A4A1-435354F14BEE}.Release|Any CPU.Build.0 = Release|Any CPU
		{8A796B18-5DA9-4A43-9425-6FF153AA0134}.Debug|Any CPU.ActiveCfg = Debug|Any CPU
		{8A796B18-5DA9-4A43-9425-6FF153AA0134}.Debug|Any CPU.Build.0 = Debug|Any CPU
		{8A796B18-5DA9-4A43-9425-6FF153AA0134}.Release|Any CPU.ActiveCfg = Release|Any CPU
		{8A796B18-5DA9-4A43-9425-6FF153AA0134}.Release|Any CPU.Build.0 = Release|Any CPU
		{8ABFD6E9-6B90-4C12-A197-A9C9D24A677B}.Debug|Any CPU.ActiveCfg = Debug|Any CPU
		{8ABFD6E9-6B90-4C12-A197-A9C9D24A677B}.Debug|Any CPU.Build.0 = Debug|Any CPU
		{8ABFD6E9-6B90-4C12-A197-A9C9D24A677B}.Release|Any CPU.ActiveCfg = Release|Any CPU
		{8ABFD6E9-6B90-4C12-A197-A9C9D24A677B}.Release|Any CPU.Build.0 = Release|Any CPU
		{1D3B6D2A-DDEF-4543-BAA5-C914A4E9A815}.Debug|Any CPU.ActiveCfg = Debug|Any CPU
		{1D3B6D2A-DDEF-4543-BAA5-C914A4E9A815}.Debug|Any CPU.Build.0 = Debug|Any CPU
		{1D3B6D2A-DDEF-4543-BAA5-C914A4E9A815}.Release|Any CPU.ActiveCfg = Release|Any CPU
		{1D3B6D2A-DDEF-4543-BAA5-C914A4E9A815}.Release|Any CPU.Build.0 = Release|Any CPU
		{4F1C2C19-B408-4E8D-AF2B-3E738CF7CB18}.Debug|Any CPU.ActiveCfg = Debug|Any CPU
		{4F1C2C19-B408-4E8D-AF2B-3E738CF7CB18}.Debug|Any CPU.Build.0 = Debug|Any CPU
		{4F1C2C19-B408-4E8D-AF2B-3E738CF7CB18}.Release|Any CPU.ActiveCfg = Release|Any CPU
		{4F1C2C19-B408-4E8D-AF2B-3E738CF7CB18}.Release|Any CPU.Build.0 = Release|Any CPU
		{4FF9FF3A-37A1-4421-9D89-42C260C1E24F}.Debug|Any CPU.ActiveCfg = Debug|Any CPU
		{4FF9FF3A-37A1-4421-9D89-42C260C1E24F}.Release|Any CPU.ActiveCfg = Release|Any CPU
		{D16ED345-B220-4547-8E37-2AE9D8732E08}.Debug|Any CPU.ActiveCfg = Debug|Any CPU
		{D16ED345-B220-4547-8E37-2AE9D8732E08}.Release|Any CPU.ActiveCfg = Release|Any CPU
		{29966F86-7F79-4AB8-B0F7-E59DCADD37A3}.Debug|Any CPU.ActiveCfg = Debug|Any CPU
		{29966F86-7F79-4AB8-B0F7-E59DCADD37A3}.Release|Any CPU.ActiveCfg = Release|Any CPU
		{D67D58F9-2110-4003-AB4A-41CA74ADFADD}.Debug|Any CPU.ActiveCfg = Debug|Any CPU
		{D67D58F9-2110-4003-AB4A-41CA74ADFADD}.Release|Any CPU.ActiveCfg = Release|Any CPU
		{7A55AA00-810C-4A88-85CE-C83B0B9E501A}.Debug|Any CPU.ActiveCfg = Debug|Any CPU
		{7A55AA00-810C-4A88-85CE-C83B0B9E501A}.Release|Any CPU.ActiveCfg = Release|Any CPU
	EndGlobalSection
	GlobalSection(SolutionProperties) = preSolution
		HideSolutionNode = FALSE
	EndGlobalSection
	GlobalSection(NestedProjects) = preSolution
		{3D285807-33ED-4532-93C6-83C893F54EF8} = {941E2E6C-CEEF-4B66-8453-6C337455D139}
		{7E6F53D5-02E6-4179-87E3-A2C87BE39F32} = {941E2E6C-CEEF-4B66-8453-6C337455D139}
		{85C52605-7D17-435B-B1A4-B3AFC9BC9603} = {1EDF892E-73A3-4D9D-9068-E182C6E8C180}
		{14A54BC7-0B4F-4D1B-8B1C-9EA92DAB39D2} = {1EDF892E-73A3-4D9D-9068-E182C6E8C180}
		{7935BFCC-FE7B-4928-8502-B5852BF40850} = {1EDF892E-73A3-4D9D-9068-E182C6E8C180}
		{DA10D8DD-E165-4F2B-8519-C53394EB8DEC} = {1EDF892E-73A3-4D9D-9068-E182C6E8C180}
		{6A0C93E9-B50A-45FB-9E58-81E646188C7E} = {1EDF892E-73A3-4D9D-9068-E182C6E8C180}
		{C4E3154A-A830-4A6E-A5CB-5D619881DA69} = {941E2E6C-CEEF-4B66-8453-6C337455D139}
		{8DAF1FC5-1ED4-4CC6-82CB-3BAF4ECF45BC} = {941E2E6C-CEEF-4B66-8453-6C337455D139}
		{AC01178E-D5F7-4B4E-A127-EFA82264FC7D} = {941E2E6C-CEEF-4B66-8453-6C337455D139}
		{0F6664FD-17B8-44D1-A4A1-435354F14BEE} = {941E2E6C-CEEF-4B66-8453-6C337455D139}
		{8A796B18-5DA9-4A43-9425-6FF153AA0134} = {C52F4B6A-DB08-4BF3-96B2-6156CDDE915B}
		{8ABFD6E9-6B90-4C12-A197-A9C9D24A677B} = {C52F4B6A-DB08-4BF3-96B2-6156CDDE915B}
		{1D3B6D2A-DDEF-4543-BAA5-C914A4E9A815} = {987AE31B-6BC1-4189-8FCE-5F8D7F16C6E5}
		{4F1C2C19-B408-4E8D-AF2B-3E738CF7CB18} = {1E5CA89C-EA73-48D1-AF90-251CACC67430}
		{4FF9FF3A-37A1-4421-9D89-42C260C1E24F} = {9B9AADA8-D91E-4C93-BCB7-30598D36F1F8}
		{D16ED345-B220-4547-8E37-2AE9D8732E08} = {9B9AADA8-D91E-4C93-BCB7-30598D36F1F8}
		{29966F86-7F79-4AB8-B0F7-E59DCADD37A3} = {9B9AADA8-D91E-4C93-BCB7-30598D36F1F8}
		{D67D58F9-2110-4003-AB4A-41CA74ADFADD} = {9B9AADA8-D91E-4C93-BCB7-30598D36F1F8}
		{7A55AA00-810C-4A88-85CE-C83B0B9E501A} = {9B9AADA8-D91E-4C93-BCB7-30598D36F1F8}
	EndGlobalSection
EndGlobal
